{
  "name": "iloan.onboard.web",
  "version": "2.43.20",
  "description": "frontend iloan onboard",
  "main": "index.js",
  "scripts": {
    "start": "concurrently \"npm:watch:*\"",
    "watch:webpack": "webpack --watch",
    "watch:browser": "browser-sync start --proxy http://localhost:5000 --files \"iLoan.Onboard.Web/wwwroot/**/*\"",
    "build": "webpack",
    "heroku-postbuild": "npm install && npm run build"
  },
  "author": "Wouter Schaap",
  "license": "ISC",
  "devDependencies": {
    "async": ">=2.6.4",
    "autoprefixer": "^10.4.2",
    "browser-sync": "^2.27.9",
    "clean-webpack-plugin": "^4.0.0",
    "concurrently": "^7.0.0",
    "copy-webpack-plugin": "^10.2.4",
    "css-loader": "^6.6.0",
    "cssnano": "^5.0.16",
    "file-loader": "^6.2.0",
    "filemanager-webpack-plugin": "^7.0.0-beta.0",
    "html-webpack-plugin": "^5.5.0",
    "mini-css-extract-plugin": "^2.5.3",
    "postcss": "^8.4.5",
    "postcss-loader": "^6.2.1",
    "postcss-preset-env": "^7.3.1",
    "sass": "^1.49.0",
    "sass-loader": "^12.4.0",
    "ts-loader": "^9.2.6",
    "ts-node": "^10.4.0",
    "typescript": "^4.5.5",
    "url-loader": "^4.1.1",
    "webpack": "^5.68.0",
    "webpack-cli": "^4.9.2"
  },
  "engines": {
    "node": "17.0.1",
    "npm": "8.1.0"
  },
  "dependencies": {
    "portscanner": "^2.2.0"
  }
}